
Microsoft Visual Studio Solution File, Format Version 12.00
Project("{FAE04EC0-301F-11D3-BF4B-00C04F79EFBC}") = "OpcUaMonitor.Api", "OpcUaMonitor.Api\OpcUaMonitor.Api.csproj", "{6F05D941-F55C-4C1A-B1FB-3DDB7E9B0EE7}"
EndProject
Project("{FAE04EC0-301F-11D3-BF4B-00C04F79EFBC}") = "OpcUaMonitor.Domain", "OpcUaMonitor.Domain\OpcUaMonitor.Domain.csproj", "{97ED3590-D0B7-4AC8-997D-26E0942FB300}"
EndProject
Project("{FAE04EC0-301F-11D3-BF4B-00C04F79EFBC}") = "OpcUaMonitor.Infrastructure", "OpcUaMonitor.Infrastructure\OpcUaMonitor.Infrastructure.csproj", "{685EA7FE-5A3E-4B49-A244-595C196CF271}"
EndProject
Project("{FAE04EC0-301F-11D3-BF4B-00C04F79EFBC}") = "OpcUaMonitor.Application", "OpcUaMonitor.Application\OpcUaMonitor.Application.csproj", "{1D423374-35A9-401F-B31E-5CFE91C28EAA}"
EndProject
Project("{2150E333-8FDC-42A3-9474-1A3956D46DE8}") = "Tests", "Tests", "{7EAD1012-E250-430C-815B-9EE9DE000C44}"
EndProject
Project("{FAE04EC0-301F-11D3-BF4B-00C04F79EFBC}") = "OpcUaMonitor.Domain.Tests", "OpcUaMonitor.Domain.Tests\OpcUaMonitor.Domain.Tests.csproj", "{65CB99BC-A2D2-4A4D-B238-C1A4235C0D31}"
EndProject
Project("{FAE04EC0-301F-11D3-BF4B-00C04F79EFBC}") = "OpcUaMonitor.AppHost", "OpcUaMonitor.AppHost\OpcUaMonitor.AppHost.csproj", "{3AC052FF-DA44-421F-9412-1A24815EA516}"
EndProject
Project("{FAE04EC0-301F-11D3-BF4B-00C04F79EFBC}") = "OpcUaMonitor.ServiceDefaults", "OpcUaMonitor.ServiceDefaults\OpcUaMonitor.ServiceDefaults.csproj", "{4C27AC7A-D77D-4BBD-A16C-586DFA7007F1}"
EndProject
Project("{FAE04EC0-301F-11D3-BF4B-00C04F79EFBC}") = "OpcUaMonitor.FastEndpointApi", "OpcUaMonitor.FastEndpointApi\OpcUaMonitor.FastEndpointApi.csproj", "{48F484E4-360B-45D3-9790-24EC886A4175}"
EndProject
Global
	GlobalSection(SolutionConfigurationPlatforms) = preSolution
		Debug|Any CPU = Debug|Any CPU
		Release|Any CPU = Release|Any CPU
	EndGlobalSection
	GlobalSection(ProjectConfigurationPlatforms) = postSolution
		{6F05D941-F55C-4C1A-B1FB-3DDB7E9B0EE7}.Debug|Any CPU.ActiveCfg = Debug|Any CPU
		{6F05D941-F55C-4C1A-B1FB-3DDB7E9B0EE7}.Debug|Any CPU.Build.0 = Debug|Any CPU
		{6F05D941-F55C-4C1A-B1FB-3DDB7E9B0EE7}.Release|Any CPU.ActiveCfg = Release|Any CPU
		{6F05D941-F55C-4C1A-B1FB-3DDB7E9B0EE7}.Release|Any CPU.Build.0 = Release|Any CPU
		{97ED3590-D0B7-4AC8-997D-26E0942FB300}.Debug|Any CPU.ActiveCfg = Debug|Any CPU
		{97ED3590-D0B7-4AC8-997D-26E0942FB300}.Debug|Any CPU.Build.0 = Debug|Any CPU
		{97ED3590-D0B7-4AC8-997D-26E0942FB300}.Release|Any CPU.ActiveCfg = Release|Any CPU
		{97ED3590-D0B7-4AC8-997D-26E0942FB300}.Release|Any CPU.Build.0 = Release|Any CPU
		{685EA7FE-5A3E-4B49-A244-595C196CF271}.Debug|Any CPU.ActiveCfg = Debug|Any CPU
		{685EA7FE-5A3E-4B49-A244-595C196CF271}.Debug|Any CPU.Build.0 = Debug|Any CPU
		{685EA7FE-5A3E-4B49-A244-595C196CF271}.Release|Any CPU.ActiveCfg = Release|Any CPU
		{685EA7FE-5A3E-4B49-A244-595C196CF271}.Release|Any CPU.Build.0 = Release|Any CPU
		{1D423374-35A9-401F-B31E-5CFE91C28EAA}.Debug|Any CPU.ActiveCfg = Debug|Any CPU
		{1D423374-35A9-401F-B31E-5CFE91C28EAA}.Debug|Any CPU.Build.0 = Debug|Any CPU
		{1D423374-35A9-401F-B31E-5CFE91C28EAA}.Release|Any CPU.ActiveCfg = Release|Any CPU
		{1D423374-35A9-401F-B31E-5CFE91C28EAA}.Release|Any CPU.Build.0 = Release|Any CPU
		{65CB99BC-A2D2-4A4D-B238-C1A4235C0D31}.Debug|Any CPU.ActiveCfg = Debug|Any CPU
		{65CB99BC-A2D2-4A4D-B238-C1A4235C0D31}.Debug|Any CPU.Build.0 = Debug|Any CPU
		{65CB99BC-A2D2-4A4D-B238-C1A4235C0D31}.Release|Any CPU.ActiveCfg = Release|Any CPU
		{65CB99BC-A2D2-4A4D-B238-C1A4235C0D31}.Release|Any CPU.Build.0 = Release|Any CPU
		{3AC052FF-DA44-421F-9412-1A24815EA516}.Debug|Any CPU.ActiveCfg = Debug|Any CPU
		{3AC052FF-DA44-421F-9412-1A24815EA516}.Debug|Any CPU.Build.0 = Debug|Any CPU
		{3AC052FF-DA44-421F-9412-1A24815EA516}.Release|Any CPU.ActiveCfg = Release|Any CPU
		{3AC052FF-DA44-421F-9412-1A24815EA516}.Release|Any CPU.Build.0 = Release|Any CPU
		{4C27AC7A-D77D-4BBD-A16C-586DFA7007F1}.Debug|Any CPU.ActiveCfg = Debug|Any CPU
		{4C27AC7A-D77D-4BBD-A16C-586DFA7007F1}.Debug|Any CPU.Build.0 = Debug|Any CPU
		{4C27AC7A-D77D-4BBD-A16C-586DFA7007F1}.Release|Any CPU.ActiveCfg = Release|Any CPU
		{4C27AC7A-D77D-4BBD-A16C-586DFA7007F1}.Release|Any CPU.Build.0 = Release|Any CPU
		{48F484E4-360B-45D3-9790-24EC886A4175}.Debug|Any CPU.ActiveCfg = Debug|Any CPU
		{48F484E4-360B-45D3-9790-24EC886A4175}.Debug|Any CPU.Build.0 = Debug|Any CPU
		{48F484E4-360B-45D3-9790-24EC886A4175}.Release|Any CPU.ActiveCfg = Release|Any CPU
		{48F484E4-360B-45D3-9790-24EC886A4175}.Release|Any CPU.Build.0 = Release|Any CPU
	EndGlobalSection
	GlobalSection(NestedProjects) = preSolution
		{65CB99BC-A2D2-4A4D-B238-C1A4235C0D31} = {7EAD1012-E250-430C-815B-9EE9DE000C44}
	EndGlobalSection
EndGlobal
